
Microsoft Visual Studio Solution File, Format Version 12.00
# Visual Studio Version 16
VisualStudioVersion = 16.0.30804.86
MinimumVisualStudioVersion = 10.0.40219.1
Project("{FAE04EC0-301F-11D3-BF4B-00C04F79EFBC}") = "Hello", "Hello\Hello\Hello.csproj", "{F1A2E20F-E16C-474B-A4F9-7B2DD6AEEBC9}"
EndProject
Global
	GlobalSection(SolutionConfigurationPlatforms) = preSolution
		Debug|Any CPU = Debug|Any CPU
		Release|Any CPU = Release|Any CPU
	EndGlobalSection
	GlobalSection(ProjectConfigurationPlatforms) = postSolution
		{F1A2E20F-E16C-474B-A4F9-7B2DD6AEEBC9}.Debug|Any CPU.ActiveCfg = Debug|Any CPU
		{F1A2E20F-E16C-474B-A4F9-7B2DD6AEEBC9}.Debug|Any CPU.Build.0 = Debug|Any CPU
		{F1A2E20F-E16C-474B-A4F9-7B2DD6AEEBC9}.Debug|Any CPU.Deploy.0 = Debug|Any CPU
		{F1A2E20F-E16C-474B-A4F9-7B2DD6AEEBC9}.Release|Any CPU.ActiveCfg = Release|Any CPU
		{F1A2E20F-E16C-474B-A4F9-7B2DD6AEEBC9}.Release|Any CPU.Build.0 = Release|Any CPU
		{F1A2E20F-E16C-474B-A4F9-7B2DD6AEEBC9}.Release|Any CPU.Deploy.0 = Release|Any CPU
	EndGlobalSection
	GlobalSection(SolutionProperties) = preSolution
		HideSolutionNode = FALSE
	EndGlobalSection
	GlobalSection(ExtensibilityGlobals) = postSolution
		SolutionGuid = {66CF6B96-9F58-49E5-A6CC-F95926D74EA1}
	EndGlobalSection
EndGlobal
